
Microsoft Visual Studio Solution File, Format Version 12.00
# Visual Studio 14
VisualStudioVersion = 14.0.23107.0
MinimumVisualStudioVersion = 10.0.40219.1
Project("{FAE04EC0-301F-11D3-BF4B-00C04F79EFBC}") = "EffectiveRentCalculator", "EffectiveRentCalculator\EffectiveRentCalculator.csproj", "{9A37F502-8BFC-457F-9E9A-706C22593BAA}"
EndProject
Project("{FAE04EC0-301F-11D3-BF4B-00C04F79EFBC}") = "EffectiveRentCalculatorTest", "EffectiveRentCalculatorTest\EffectiveRentCalculatorTest.csproj", "{35194107-C7AA-4FAC-B8AF-DE747E4699EA}"
EndProject
Global
	GlobalSection(SolutionConfigurationPlatforms) = preSolution
		Debug|Any CPU = Debug|Any CPU
		Release|Any CPU = Release|Any CPU
	EndGlobalSection
	GlobalSection(ProjectConfigurationPlatforms) = postSolution
		{9A37F502-8BFC-457F-9E9A-706C22593BAA}.Debug|Any CPU.ActiveCfg = Debug|Any CPU
		{9A37F502-8BFC-457F-9E9A-706C22593BAA}.Debug|Any CPU.Build.0 = Debug|Any CPU
		{9A37F502-8BFC-457F-9E9A-706C22593BAA}.Release|Any CPU.ActiveCfg = Release|Any CPU
		{9A37F502-8BFC-457F-9E9A-706C22593BAA}.Release|Any CPU.Build.0 = Release|Any CPU
		{35194107-C7AA-4FAC-B8AF-DE747E4699EA}.Debug|Any CPU.ActiveCfg = Debug|Any CPU
		{35194107-C7AA-4FAC-B8AF-DE747E4699EA}.Debug|Any CPU.Build.0 = Debug|Any CPU
		{35194107-C7AA-4FAC-B8AF-DE747E4699EA}.Release|Any CPU.ActiveCfg = Release|Any CPU
		{35194107-C7AA-4FAC-B8AF-DE747E4699EA}.Release|Any CPU.Build.0 = Release|Any CPU
	EndGlobalSection
	GlobalSection(SolutionProperties) = preSolution
		HideSolutionNode = FALSE
	EndGlobalSection
EndGlobal
